
Microsoft Visual Studio Solution File, Format Version 12.00
# Visual Studio 15
VisualStudioVersion = 15.0.27428.2043
MinimumVisualStudioVersion = 10.0.40219.1
Project("{8BC9CEB8-8B4A-11D0-8D11-00A0C91BC942}") = "InfixParser", "InfixParser.vcxproj", "{C22C4B33-05E0-4175-8EB0-51BC9EB214DD}"
EndProject
Global
	GlobalSection(SolutionConfigurationPlatforms) = preSolution
		Debug|x64 = Debug|x64
		Debug|x86 = Debug|x86
		Release|x64 = Release|x64
		Release|x86 = Release|x86
	EndGlobalSection
	GlobalSection(ProjectConfigurationPlatforms) = postSolution
		{C22C4B33-05E0-4175-8EB0-51BC9EB214DD}.Debug|x64.ActiveCfg = Debug|x64
		{C22C4B33-05E0-4175-8EB0-51BC9EB214DD}.Debug|x64.Build.0 = Debug|x64
		{C22C4B33-05E0-4175-8EB0-51BC9EB214DD}.Debug|x86.ActiveCfg = Debug|Win32
		{C22C4B33-05E0-4175-8EB0-51BC9EB214DD}.Debug|x86.Build.0 = Debug|Win32
		{C22C4B33-05E0-4175-8EB0-51BC9EB214DD}.Release|x64.ActiveCfg = Release|x64
		{C22C4B33-05E0-4175-8EB0-51BC9EB214DD}.Release|x64.Build.0 = Release|x64
		{C22C4B33-05E0-4175-8EB0-51BC9EB214DD}.Release|x86.ActiveCfg = Release|Win32
		{C22C4B33-05E0-4175-8EB0-51BC9EB214DD}.Release|x86.Build.0 = Release|Win32
	EndGlobalSection
	GlobalSection(SolutionProperties) = preSolution
		HideSolutionNode = FALSE
	EndGlobalSection
	GlobalSection(ExtensibilityGlobals) = postSolution
		SolutionGuid = {8BF4DC7C-2903-466A-8332-4557CB698992}
	EndGlobalSection
EndGlobal
